
Microsoft Visual Studio Solution File, Format Version 12.00
# Visual Studio Version 17
VisualStudioVersion = 17.10.35122.118
MinimumVisualStudioVersion = 10.0.40219.1
Project("{9A19103F-16F7-4668-BE54-9A1E7A4F7556}") = "WaterDrinkingLogger", "WaterDrinkingLogger\WaterDrinkingLogger.csproj", "{B809ADFD-BCDF-4DF7-9D75-7DF2A5A9ED8A}"
EndProject
Global
	GlobalSection(SolutionConfigurationPlatforms) = preSolution
		Debug|Any CPU = Debug|Any CPU
		Release|Any CPU = Release|Any CPU
	EndGlobalSection
	GlobalSection(ProjectConfigurationPlatforms) = postSolution
		{B809ADFD-BCDF-4DF7-9D75-7DF2A5A9ED8A}.Debug|Any CPU.ActiveCfg = Debug|Any CPU
		{B809ADFD-BCDF-4DF7-9D75-7DF2A5A9ED8A}.Debug|Any CPU.Build.0 = Debug|Any CPU
		{B809ADFD-BCDF-4DF7-9D75-7DF2A5A9ED8A}.Release|Any CPU.ActiveCfg = Release|Any CPU
		{B809ADFD-BCDF-4DF7-9D75-7DF2A5A9ED8A}.Release|Any CPU.Build.0 = Release|Any CPU
	EndGlobalSection
	GlobalSection(SolutionProperties) = preSolution
		HideSolutionNode = FALSE
	EndGlobalSection
	GlobalSection(ExtensibilityGlobals) = postSolution
		SolutionGuid = {A0DB1779-E80A-457A-A17E-B6CE323F8CC5}
	EndGlobalSection
EndGlobal
