
Microsoft Visual Studio Solution File, Format Version 12.00
# Visual Studio Version 17
VisualStudioVersion = 17.10.35027.167
MinimumVisualStudioVersion = 10.0.40219.1
Project("{FAE04EC0-301F-11D3-BF4B-00C04F79EFBC}") = "CalculatorLibrary", "CalculatorLibrary\CalculatorLibrary.csproj", "{E5588358-61AB-4046-AA51-AF10B4D48D68}"
EndProject
Global
	GlobalSection(SolutionConfigurationPlatforms) = preSolution
		Debug|Any CPU = Debug|Any CPU
		Release|Any CPU = Release|Any CPU
	EndGlobalSection
	GlobalSection(ProjectConfigurationPlatforms) = postSolution
		{E5588358-61AB-4046-AA51-AF10B4D48D68}.Debug|Any CPU.ActiveCfg = Debug|Any CPU
		{E5588358-61AB-4046-AA51-AF10B4D48D68}.Debug|Any CPU.Build.0 = Debug|Any CPU
		{E5588358-61AB-4046-AA51-AF10B4D48D68}.Release|Any CPU.ActiveCfg = Release|Any CPU
		{E5588358-61AB-4046-AA51-AF10B4D48D68}.Release|Any CPU.Build.0 = Release|Any CPU
	EndGlobalSection
	GlobalSection(SolutionProperties) = preSolution
		HideSolutionNode = FALSE
	EndGlobalSection
	GlobalSection(ExtensibilityGlobals) = postSolution
		SolutionGuid = {0E0709DC-F23B-4338-BA49-2E69A1D18163}
	EndGlobalSection
EndGlobal
