
Microsoft Visual Studio Solution File, Format Version 12.00
# Visual Studio Version 17
VisualStudioVersion = 17.10.35027.167
MinimumVisualStudioVersion = 10.0.40219.1
Project("{FAE04EC0-301F-11D3-BF4B-00C04F79EFBC}") = "HabitLogger", "HabitLogger\HabitLogger.csproj", "{14C49E21-94C1-4CE2-975E-1EC7CE23B1E3}"
EndProject
Global
	GlobalSection(SolutionConfigurationPlatforms) = preSolution
		Debug|Any CPU = Debug|Any CPU
		Release|Any CPU = Release|Any CPU
	EndGlobalSection
	GlobalSection(ProjectConfigurationPlatforms) = postSolution
		{14C49E21-94C1-4CE2-975E-1EC7CE23B1E3}.Debug|Any CPU.ActiveCfg = Debug|Any CPU
		{14C49E21-94C1-4CE2-975E-1EC7CE23B1E3}.Debug|Any CPU.Build.0 = Debug|Any CPU
		{14C49E21-94C1-4CE2-975E-1EC7CE23B1E3}.Release|Any CPU.ActiveCfg = Release|Any CPU
		{14C49E21-94C1-4CE2-975E-1EC7CE23B1E3}.Release|Any CPU.Build.0 = Release|Any CPU
	EndGlobalSection
	GlobalSection(SolutionProperties) = preSolution
		HideSolutionNode = FALSE
	EndGlobalSection
	GlobalSection(ExtensibilityGlobals) = postSolution
		SolutionGuid = {4BB48954-FAD5-4300-BC8B-AFFE51E57BF4}
	EndGlobalSection
EndGlobal
